
Microsoft Visual Studio Solution File, Format Version 12.00
# Visual Studio Version 16
VisualStudioVersion = 16.0.29905.134
MinimumVisualStudioVersion = 10.0.40219.1
Project("{FAE04EC0-301F-11D3-BF4B-00C04F79EFBC}") = "Component.Settings", "TestreportDocument.Settings\Component.Settings.csproj", "{DB1F83E0-6544-468F-A480-70658A373AC3}"
EndProject
Project("{FAE04EC0-301F-11D3-BF4B-00C04F79EFBC}") = "ReportGenerator", "ReportGenerator.csproj", "{4E90511B-23DF-4770-9D7E-813758720965}"
EndProject
Project("{FAE04EC0-301F-11D3-BF4B-00C04F79EFBC}") = "ReportDocument", "TestReportDocument\ReportDocument.csproj", "{93CFEBCA-7684-4254-AAE2-C766F7D9158B}"
EndProject
Project("{FAE04EC0-301F-11D3-BF4B-00C04F79EFBC}") = "Report.Components", "TestReport.Components\Report.Components.csproj", "{E5F3AF3B-CEA8-46B8-99D2-09802DD6459B}"
EndProject
Project("{FAE04EC0-301F-11D3-BF4B-00C04F79EFBC}") = "ReportItemReader.Interface", "TestreportReader.Interface\ReportItemReader.Interface.csproj", "{F073A4D4-B37D-4D0F-9179-CB1EEA190EC7}"
EndProject
Project("{FAE04EC0-301F-11D3-BF4B-00C04F79EFBC}") = "ComponentSettings.Reader", "TestreportComponentSettings.Factory\ComponentSettings.Reader.csproj", "{3A8C1891-A709-46BC-858C-5A2483C7E016}"
EndProject
Project("{FAE04EC0-301F-11D3-BF4B-00C04F79EFBC}") = "ReportItem.Common", "..\ReportItem.Common\ReportItem.Common.csproj", "{CFECFD02-A65C-4970-9CD7-F06250CA24FB}"
EndProject
Project("{FAE04EC0-301F-11D3-BF4B-00C04F79EFBC}") = "ReportItemReader.Factory", "ReportItemReader.Factory\ReportItemReader.Factory.csproj", "{A6D11C22-21AB-4779-96E5-9AFDBF2A4AE7}"
EndProject
Project("{FAE04EC0-301F-11D3-BF4B-00C04F79EFBC}") = "ReportComponent.Factory", "ReportComponent.Factory\ReportComponent.Factory.csproj", "{A74F0679-2C59-4D2F-8C7C-A352526EE022}"
EndProject
Project("{FAE04EC0-301F-11D3-BF4B-00C04F79EFBC}") = "ReportItemReader.XML", "TestReportItemReader.XML\ReportItemReader.XML.csproj", "{7D64A4E2-AC9F-48A2-A53F-F73592E3479F}"
EndProject
Global
	GlobalSection(SolutionConfigurationPlatforms) = preSolution
		Debug|Any CPU = Debug|Any CPU
		Release|Any CPU = Release|Any CPU
	EndGlobalSection
	GlobalSection(ProjectConfigurationPlatforms) = postSolution
		{DB1F83E0-6544-468F-A480-70658A373AC3}.Debug|Any CPU.ActiveCfg = Debug|Any CPU
		{DB1F83E0-6544-468F-A480-70658A373AC3}.Debug|Any CPU.Build.0 = Debug|Any CPU
		{DB1F83E0-6544-468F-A480-70658A373AC3}.Release|Any CPU.ActiveCfg = Release|Any CPU
		{DB1F83E0-6544-468F-A480-70658A373AC3}.Release|Any CPU.Build.0 = Release|Any CPU
		{4E90511B-23DF-4770-9D7E-813758720965}.Debug|Any CPU.ActiveCfg = Debug|Any CPU
		{4E90511B-23DF-4770-9D7E-813758720965}.Debug|Any CPU.Build.0 = Debug|Any CPU
		{4E90511B-23DF-4770-9D7E-813758720965}.Release|Any CPU.ActiveCfg = Release|Any CPU
		{4E90511B-23DF-4770-9D7E-813758720965}.Release|Any CPU.Build.0 = Release|Any CPU
		{93CFEBCA-7684-4254-AAE2-C766F7D9158B}.Debug|Any CPU.ActiveCfg = Debug|Any CPU
		{93CFEBCA-7684-4254-AAE2-C766F7D9158B}.Debug|Any CPU.Build.0 = Debug|Any CPU
		{93CFEBCA-7684-4254-AAE2-C766F7D9158B}.Release|Any CPU.ActiveCfg = Release|Any CPU
		{93CFEBCA-7684-4254-AAE2-C766F7D9158B}.Release|Any CPU.Build.0 = Release|Any CPU
		{E5F3AF3B-CEA8-46B8-99D2-09802DD6459B}.Debug|Any CPU.ActiveCfg = Debug|Any CPU
		{E5F3AF3B-CEA8-46B8-99D2-09802DD6459B}.Debug|Any CPU.Build.0 = Debug|Any CPU
		{E5F3AF3B-CEA8-46B8-99D2-09802DD6459B}.Release|Any CPU.ActiveCfg = Release|Any CPU
		{E5F3AF3B-CEA8-46B8-99D2-09802DD6459B}.Release|Any CPU.Build.0 = Release|Any CPU
		{F073A4D4-B37D-4D0F-9179-CB1EEA190EC7}.Debug|Any CPU.ActiveCfg = Debug|Any CPU
		{F073A4D4-B37D-4D0F-9179-CB1EEA190EC7}.Debug|Any CPU.Build.0 = Debug|Any CPU
		{F073A4D4-B37D-4D0F-9179-CB1EEA190EC7}.Release|Any CPU.ActiveCfg = Release|Any CPU
		{F073A4D4-B37D-4D0F-9179-CB1EEA190EC7}.Release|Any CPU.Build.0 = Release|Any CPU
		{3A8C1891-A709-46BC-858C-5A2483C7E016}.Debug|Any CPU.ActiveCfg = Debug|Any CPU
		{3A8C1891-A709-46BC-858C-5A2483C7E016}.Debug|Any CPU.Build.0 = Debug|Any CPU
		{3A8C1891-A709-46BC-858C-5A2483C7E016}.Release|Any CPU.ActiveCfg = Release|Any CPU
		{3A8C1891-A709-46BC-858C-5A2483C7E016}.Release|Any CPU.Build.0 = Release|Any CPU
		{CFECFD02-A65C-4970-9CD7-F06250CA24FB}.Debug|Any CPU.ActiveCfg = Debug|Any CPU
		{CFECFD02-A65C-4970-9CD7-F06250CA24FB}.Debug|Any CPU.Build.0 = Debug|Any CPU
		{CFECFD02-A65C-4970-9CD7-F06250CA24FB}.Release|Any CPU.ActiveCfg = Release|Any CPU
		{CFECFD02-A65C-4970-9CD7-F06250CA24FB}.Release|Any CPU.Build.0 = Release|Any CPU
		{A6D11C22-21AB-4779-96E5-9AFDBF2A4AE7}.Debug|Any CPU.ActiveCfg = Debug|Any CPU
		{A6D11C22-21AB-4779-96E5-9AFDBF2A4AE7}.Debug|Any CPU.Build.0 = Debug|Any CPU
		{A6D11C22-21AB-4779-96E5-9AFDBF2A4AE7}.Release|Any CPU.ActiveCfg = Release|Any CPU
		{A6D11C22-21AB-4779-96E5-9AFDBF2A4AE7}.Release|Any CPU.Build.0 = Release|Any CPU
		{A74F0679-2C59-4D2F-8C7C-A352526EE022}.Debug|Any CPU.ActiveCfg = Debug|Any CPU
		{A74F0679-2C59-4D2F-8C7C-A352526EE022}.Debug|Any CPU.Build.0 = Debug|Any CPU
		{A74F0679-2C59-4D2F-8C7C-A352526EE022}.Release|Any CPU.ActiveCfg = Release|Any CPU
		{A74F0679-2C59-4D2F-8C7C-A352526EE022}.Release|Any CPU.Build.0 = Release|Any CPU
		{7D64A4E2-AC9F-48A2-A53F-F73592E3479F}.Debug|Any CPU.ActiveCfg = Debug|Any CPU
		{7D64A4E2-AC9F-48A2-A53F-F73592E3479F}.Debug|Any CPU.Build.0 = Debug|Any CPU
		{7D64A4E2-AC9F-48A2-A53F-F73592E3479F}.Release|Any CPU.ActiveCfg = Release|Any CPU
		{7D64A4E2-AC9F-48A2-A53F-F73592E3479F}.Release|Any CPU.Build.0 = Release|Any CPU
	EndGlobalSection
	GlobalSection(SolutionProperties) = preSolution
		HideSolutionNode = FALSE
	EndGlobalSection
	GlobalSection(ExtensibilityGlobals) = postSolution
		SolutionGuid = {649ADC57-C1AD-4E79-9104-BC2771D763F4}
	EndGlobalSection
EndGlobal
