
Microsoft Visual Studio Solution File, Format Version 12.00
# Visual Studio Version 16
VisualStudioVersion = 16.0.29905.134
MinimumVisualStudioVersion = 10.0.40219.1
Project("{FAE04EC0-301F-11D3-BF4B-00C04F79EFBC}") = "Component.Settings", "TestreportDocument.Settings\Component.Settings.csproj", "{DB1F83E0-6544-468F-A480-70658A373AC3}"
EndProject
Project("{FAE04EC0-301F-11D3-BF4B-00C04F79EFBC}") = "ReportGenerator", "ReportGenerator.csproj", "{4E90511B-23DF-4770-9D7E-813758720965}"
EndProject
Project("{FAE04EC0-301F-11D3-BF4B-00C04F79EFBC}") = "ReportDocument", "TestReportDocument\ReportDocument.csproj", "{93CFEBCA-7684-4254-AAE2-C766F7D9158B}"
EndProject
Project("{FAE04EC0-301F-11D3-BF4B-00C04F79EFBC}") = "Report.Components", "TestReport.Components\Report.Components.csproj", "{E5F3AF3B-CEA8-46B8-99D2-09802DD6459B}"
EndProject
Project("{FAE04EC0-301F-11D3-BF4B-00C04F79EFBC}") = "ReportItemReader.Interface", "TestreportReader.Interface\ReportItemReader.Interface.csproj", "{F073A4D4-B37D-4D0F-9179-CB1EEA190EC7}"
EndProject
Project("{FAE04EC0-301F-11D3-BF4B-00C04F79EFBC}") = "ReportItemReader.Factory", "ReportItemReader.Factory\ReportItemReader.Factory.csproj", "{A6D11C22-21AB-4779-96E5-9AFDBF2A4AE7}"
EndProject
Project("{FAE04EC0-301F-11D3-BF4B-00C04F79EFBC}") = "ReportComponent.Factory", "ReportComponent.Factory\ReportComponent.Factory.csproj", "{A74F0679-2C59-4D2F-8C7C-A352526EE022}"
EndProject
Project("{FAE04EC0-301F-11D3-BF4B-00C04F79EFBC}") = "ReportItemReader.XML", "TestReportItemReader.XML\ReportItemReader.XML.csproj", "{7D64A4E2-AC9F-48A2-A53F-F73592E3479F}"
EndProject
Project("{2150E333-8FDC-42A3-9474-1A3956D46DE8}") = "4-Data Source", "4-Data Source", "{7D2F0ED3-FDAA-4117-B312-169D8117EC8F}"
	ProjectSection(SolutionItems) = preProject
		TestReportItems.xml = TestReportItems.xml
	EndProjectSection
EndProject
Project("{FAE04EC0-301F-11D3-BF4B-00C04F79EFBC}") = "ReportItem.Common", "ReportItem.Common\ReportItem.Common.csproj", "{CFECFD02-A65C-4970-9CD7-F06250CA24FB}"
EndProject
Project("{FAE04EC0-301F-11D3-BF4B-00C04F79EFBC}") = "ComponentSettings.Factory", "TestreportComponentSettings.Factory\ComponentSettings.Factory.csproj", "{3A8C1891-A709-46BC-858C-5A2483C7E016}"
EndProject
Project("{9A19103F-16F7-4668-BE54-9A1E7A4F7556}") = "ExtensionMethods", "XmlNodeExtensions\ExtensionMethods.csproj", "{394D6A86-B50A-4752-A5BA-8A3070D27C28}"
EndProject
Project("{2150E333-8FDC-42A3-9474-1A3956D46DE8}") = "0-Bootstrapper", "0-Bootstrapper", "{30C8CE06-253F-45A3-9C70-A115D3F33539}"
EndProject
Project("{2150E333-8FDC-42A3-9474-1A3956D46DE8}") = "1-View", "1-View", "{60B9E593-C354-422C-94CA-67629F2A8822}"
EndProject
Project("{FAE04EC0-301F-11D3-BF4B-00C04F79EFBC}") = "ReportGenerator.View", "ReportGenerator.View\ReportGenerator.View.csproj", "{A53580C7-5A70-4118-913E-B5DB078459E0}"
EndProject
Project("{2150E333-8FDC-42A3-9474-1A3956D46DE8}") = "2-Presentation", "2-Presentation", "{D3A98B60-5313-457E-8F36-ED268095334F}"
EndProject
Project("{2150E333-8FDC-42A3-9474-1A3956D46DE8}") = "Shared", "Shared", "{B34F0F55-F171-4D92-8E8A-88FE75BED44C}"
EndProject
Project("{2150E333-8FDC-42A3-9474-1A3956D46DE8}") = "3-Data Access", "3-Data Access", "{8E4DCCDE-4682-4FBB-9D8A-45EC7CDBFDFF}"
EndProject
Project("{FAE04EC0-301F-11D3-BF4B-00C04F79EFBC}") = "ReportGenerator.Presentation", "ReportGenerator.Presentation\ReportGenerator.Presentation.csproj", "{F7F50842-9101-4A80-BA1F-D726CF9407CE}"
EndProject
Global
	GlobalSection(SolutionConfigurationPlatforms) = preSolution
		Debug|Any CPU = Debug|Any CPU
		Release|Any CPU = Release|Any CPU
	EndGlobalSection
	GlobalSection(ProjectConfigurationPlatforms) = postSolution
		{DB1F83E0-6544-468F-A480-70658A373AC3}.Debug|Any CPU.ActiveCfg = Debug|Any CPU
		{DB1F83E0-6544-468F-A480-70658A373AC3}.Debug|Any CPU.Build.0 = Debug|Any CPU
		{DB1F83E0-6544-468F-A480-70658A373AC3}.Release|Any CPU.ActiveCfg = Release|Any CPU
		{DB1F83E0-6544-468F-A480-70658A373AC3}.Release|Any CPU.Build.0 = Release|Any CPU
		{4E90511B-23DF-4770-9D7E-813758720965}.Debug|Any CPU.ActiveCfg = Debug|Any CPU
		{4E90511B-23DF-4770-9D7E-813758720965}.Debug|Any CPU.Build.0 = Debug|Any CPU
		{4E90511B-23DF-4770-9D7E-813758720965}.Release|Any CPU.ActiveCfg = Release|Any CPU
		{4E90511B-23DF-4770-9D7E-813758720965}.Release|Any CPU.Build.0 = Release|Any CPU
		{93CFEBCA-7684-4254-AAE2-C766F7D9158B}.Debug|Any CPU.ActiveCfg = Debug|Any CPU
		{93CFEBCA-7684-4254-AAE2-C766F7D9158B}.Debug|Any CPU.Build.0 = Debug|Any CPU
		{93CFEBCA-7684-4254-AAE2-C766F7D9158B}.Release|Any CPU.ActiveCfg = Release|Any CPU
		{93CFEBCA-7684-4254-AAE2-C766F7D9158B}.Release|Any CPU.Build.0 = Release|Any CPU
		{E5F3AF3B-CEA8-46B8-99D2-09802DD6459B}.Debug|Any CPU.ActiveCfg = Debug|Any CPU
		{E5F3AF3B-CEA8-46B8-99D2-09802DD6459B}.Debug|Any CPU.Build.0 = Debug|Any CPU
		{E5F3AF3B-CEA8-46B8-99D2-09802DD6459B}.Release|Any CPU.ActiveCfg = Release|Any CPU
		{E5F3AF3B-CEA8-46B8-99D2-09802DD6459B}.Release|Any CPU.Build.0 = Release|Any CPU
		{F073A4D4-B37D-4D0F-9179-CB1EEA190EC7}.Debug|Any CPU.ActiveCfg = Debug|Any CPU
		{F073A4D4-B37D-4D0F-9179-CB1EEA190EC7}.Debug|Any CPU.Build.0 = Debug|Any CPU
		{F073A4D4-B37D-4D0F-9179-CB1EEA190EC7}.Release|Any CPU.ActiveCfg = Release|Any CPU
		{F073A4D4-B37D-4D0F-9179-CB1EEA190EC7}.Release|Any CPU.Build.0 = Release|Any CPU
		{A6D11C22-21AB-4779-96E5-9AFDBF2A4AE7}.Debug|Any CPU.ActiveCfg = Debug|Any CPU
		{A6D11C22-21AB-4779-96E5-9AFDBF2A4AE7}.Debug|Any CPU.Build.0 = Debug|Any CPU
		{A6D11C22-21AB-4779-96E5-9AFDBF2A4AE7}.Release|Any CPU.ActiveCfg = Release|Any CPU
		{A6D11C22-21AB-4779-96E5-9AFDBF2A4AE7}.Release|Any CPU.Build.0 = Release|Any CPU
		{A74F0679-2C59-4D2F-8C7C-A352526EE022}.Debug|Any CPU.ActiveCfg = Debug|Any CPU
		{A74F0679-2C59-4D2F-8C7C-A352526EE022}.Debug|Any CPU.Build.0 = Debug|Any CPU
		{A74F0679-2C59-4D2F-8C7C-A352526EE022}.Release|Any CPU.ActiveCfg = Release|Any CPU
		{A74F0679-2C59-4D2F-8C7C-A352526EE022}.Release|Any CPU.Build.0 = Release|Any CPU
		{7D64A4E2-AC9F-48A2-A53F-F73592E3479F}.Debug|Any CPU.ActiveCfg = Debug|Any CPU
		{7D64A4E2-AC9F-48A2-A53F-F73592E3479F}.Debug|Any CPU.Build.0 = Debug|Any CPU
		{7D64A4E2-AC9F-48A2-A53F-F73592E3479F}.Release|Any CPU.ActiveCfg = Release|Any CPU
		{7D64A4E2-AC9F-48A2-A53F-F73592E3479F}.Release|Any CPU.Build.0 = Release|Any CPU
		{CFECFD02-A65C-4970-9CD7-F06250CA24FB}.Debug|Any CPU.ActiveCfg = Debug|Any CPU
		{CFECFD02-A65C-4970-9CD7-F06250CA24FB}.Debug|Any CPU.Build.0 = Debug|Any CPU
		{CFECFD02-A65C-4970-9CD7-F06250CA24FB}.Release|Any CPU.ActiveCfg = Release|Any CPU
		{CFECFD02-A65C-4970-9CD7-F06250CA24FB}.Release|Any CPU.Build.0 = Release|Any CPU
		{3A8C1891-A709-46BC-858C-5A2483C7E016}.Debug|Any CPU.ActiveCfg = Debug|Any CPU
		{3A8C1891-A709-46BC-858C-5A2483C7E016}.Debug|Any CPU.Build.0 = Debug|Any CPU
		{3A8C1891-A709-46BC-858C-5A2483C7E016}.Release|Any CPU.ActiveCfg = Release|Any CPU
		{3A8C1891-A709-46BC-858C-5A2483C7E016}.Release|Any CPU.Build.0 = Release|Any CPU
		{394D6A86-B50A-4752-A5BA-8A3070D27C28}.Debug|Any CPU.ActiveCfg = Debug|Any CPU
		{394D6A86-B50A-4752-A5BA-8A3070D27C28}.Debug|Any CPU.Build.0 = Debug|Any CPU
		{394D6A86-B50A-4752-A5BA-8A3070D27C28}.Release|Any CPU.ActiveCfg = Release|Any CPU
		{394D6A86-B50A-4752-A5BA-8A3070D27C28}.Release|Any CPU.Build.0 = Release|Any CPU
		{A53580C7-5A70-4118-913E-B5DB078459E0}.Debug|Any CPU.ActiveCfg = Debug|Any CPU
		{A53580C7-5A70-4118-913E-B5DB078459E0}.Debug|Any CPU.Build.0 = Debug|Any CPU
		{A53580C7-5A70-4118-913E-B5DB078459E0}.Release|Any CPU.ActiveCfg = Release|Any CPU
		{A53580C7-5A70-4118-913E-B5DB078459E0}.Release|Any CPU.Build.0 = Release|Any CPU
		{F7F50842-9101-4A80-BA1F-D726CF9407CE}.Debug|Any CPU.ActiveCfg = Debug|Any CPU
		{F7F50842-9101-4A80-BA1F-D726CF9407CE}.Debug|Any CPU.Build.0 = Debug|Any CPU
		{F7F50842-9101-4A80-BA1F-D726CF9407CE}.Release|Any CPU.ActiveCfg = Release|Any CPU
		{F7F50842-9101-4A80-BA1F-D726CF9407CE}.Release|Any CPU.Build.0 = Release|Any CPU
	EndGlobalSection
	GlobalSection(SolutionProperties) = preSolution
		HideSolutionNode = FALSE
	EndGlobalSection
	GlobalSection(NestedProjects) = preSolution
		{DB1F83E0-6544-468F-A480-70658A373AC3} = {B34F0F55-F171-4D92-8E8A-88FE75BED44C}
		{4E90511B-23DF-4770-9D7E-813758720965} = {30C8CE06-253F-45A3-9C70-A115D3F33539}
		{93CFEBCA-7684-4254-AAE2-C766F7D9158B} = {B34F0F55-F171-4D92-8E8A-88FE75BED44C}
		{E5F3AF3B-CEA8-46B8-99D2-09802DD6459B} = {B34F0F55-F171-4D92-8E8A-88FE75BED44C}
		{F073A4D4-B37D-4D0F-9179-CB1EEA190EC7} = {B34F0F55-F171-4D92-8E8A-88FE75BED44C}
		{A6D11C22-21AB-4779-96E5-9AFDBF2A4AE7} = {B34F0F55-F171-4D92-8E8A-88FE75BED44C}
		{A74F0679-2C59-4D2F-8C7C-A352526EE022} = {B34F0F55-F171-4D92-8E8A-88FE75BED44C}
		{7D64A4E2-AC9F-48A2-A53F-F73592E3479F} = {8E4DCCDE-4682-4FBB-9D8A-45EC7CDBFDFF}
		{CFECFD02-A65C-4970-9CD7-F06250CA24FB} = {B34F0F55-F171-4D92-8E8A-88FE75BED44C}
		{3A8C1891-A709-46BC-858C-5A2483C7E016} = {B34F0F55-F171-4D92-8E8A-88FE75BED44C}
		{394D6A86-B50A-4752-A5BA-8A3070D27C28} = {B34F0F55-F171-4D92-8E8A-88FE75BED44C}
		{A53580C7-5A70-4118-913E-B5DB078459E0} = {60B9E593-C354-422C-94CA-67629F2A8822}
		{F7F50842-9101-4A80-BA1F-D726CF9407CE} = {D3A98B60-5313-457E-8F36-ED268095334F}
	EndGlobalSection
	GlobalSection(ExtensibilityGlobals) = postSolution
		SolutionGuid = {649ADC57-C1AD-4E79-9104-BC2771D763F4}
	EndGlobalSection
EndGlobal
